
Microsoft Visual Studio Solution File, Format Version 12.00
# Visual Studio Version 18
VisualStudioVersion = 18.3.11520.95 d18.3
MinimumVisualStudioVersion = 10.0.40219.1
Project("{FAE04EC0-301F-11D3-BF4B-00C04F79EFBC}") = "Glitchy_UI", "Glitchy_UI.csproj", "{441D8091-5438-19F4-E05D-544219A06A04}"
EndProject
Global
	GlobalSection(SolutionConfigurationPlatforms) = preSolution
		Debug|Any CPU = Debug|Any CPU
	EndGlobalSection
	GlobalSection(ProjectConfigurationPlatforms) = postSolution
		{441D8091-5438-19F4-E05D-544219A06A04}.Debug|Any CPU.ActiveCfg = Debug|Any CPU
		{441D8091-5438-19F4-E05D-544219A06A04}.Debug|Any CPU.Build.0 = Debug|Any CPU
		{441D8091-5438-19F4-E05D-544219A06A04}.Debug|Any CPU.Deploy.0 = Debug|Any CPU
	EndGlobalSection
	GlobalSection(SolutionProperties) = preSolution
		HideSolutionNode = FALSE
	EndGlobalSection
	GlobalSection(ExtensibilityGlobals) = postSolution
		SolutionGuid = {EB3CA95A-65F9-4235-9388-85AF1BCDF23F}
	EndGlobalSection
EndGlobal
